
Microsoft Visual Studio Solution File, Format Version 12.00
# Visual Studio 2017
Project("{FAE04EC0-301F-11D3-BF4B-00C04F79EFBC}") = "Chapter4_1", "Chapter4_1.csproj", "{87090E85-F30B-FA6C-4B03-D8FA1556586D}"
EndProject
Global
	GlobalSection(SolutionConfigurationPlatforms) = preSolution
		Debug|Any CPU = Debug|Any CPU
		Release|Any CPU = Release|Any CPU
	EndGlobalSection
	GlobalSection(ProjectConfigurationPlatforms) = postSolution
		{87090E85-F30B-FA6C-4B03-D8FA1556586D}.Debug|Any CPU.ActiveCfg = Debug|Any CPU
		{87090E85-F30B-FA6C-4B03-D8FA1556586D}.Debug|Any CPU.Build.0 = Debug|Any CPU
		{87090E85-F30B-FA6C-4B03-D8FA1556586D}.Release|Any CPU.ActiveCfg = Release|Any CPU
		{87090E85-F30B-FA6C-4B03-D8FA1556586D}.Release|Any CPU.Build.0 = Release|Any CPU
	EndGlobalSection
	GlobalSection(SolutionProperties) = preSolution
		HideSolutionNode = FALSE
	EndGlobalSection
EndGlobal
